
Microsoft Visual Studio Solution File, Format Version 12.00
# Visual Studio 2013
VisualStudioVersion = 12.0.30723.0
MinimumVisualStudioVersion = 10.0.40219.1
Project("{8BC9CEB8-8B4A-11D0-8D11-00A0C91BC942}") = "ism_2", "ism_2\ism_2.vcxproj", "{52F762BC-803C-4FE1-94CB-443E0CB5EB1B}"
EndProject
Global
	GlobalSection(SolutionConfigurationPlatforms) = preSolution
		Debug|Win32 = Debug|Win32
		Release|Win32 = Release|Win32
	EndGlobalSection
	GlobalSection(ProjectConfigurationPlatforms) = postSolution
		{52F762BC-803C-4FE1-94CB-443E0CB5EB1B}.Debug|Win32.ActiveCfg = Debug|Win32
		{52F762BC-803C-4FE1-94CB-443E0CB5EB1B}.Debug|Win32.Build.0 = Debug|Win32
		{52F762BC-803C-4FE1-94CB-443E0CB5EB1B}.Release|Win32.ActiveCfg = Release|Win32
		{52F762BC-803C-4FE1-94CB-443E0CB5EB1B}.Release|Win32.Build.0 = Release|Win32
	EndGlobalSection
	GlobalSection(SolutionProperties) = preSolution
		HideSolutionNode = FALSE
	EndGlobalSection
EndGlobal
